
Microsoft Visual Studio Solution File, Format Version 12.00
# Visual Studio Version 16
VisualStudioVersion = 16.0.30907.101
MinimumVisualStudioVersion = 10.0.40219.1
Project("{FAE04EC0-301F-11D3-BF4B-00C04F79EFBC}") = "EgyptExcavation", "EgyptExcavation.csproj", "{D2D13791-6153-47E2-AC31-17BA2050AFE5}"
EndProject
Global
	GlobalSection(SolutionConfigurationPlatforms) = preSolution
		Debug|Any CPU = Debug|Any CPU
		Release|Any CPU = Release|Any CPU
	EndGlobalSection
	GlobalSection(ProjectConfigurationPlatforms) = postSolution
		{D2D13791-6153-47E2-AC31-17BA2050AFE5}.Debug|Any CPU.ActiveCfg = Debug|Any CPU
		{D2D13791-6153-47E2-AC31-17BA2050AFE5}.Debug|Any CPU.Build.0 = Debug|Any CPU
		{D2D13791-6153-47E2-AC31-17BA2050AFE5}.Release|Any CPU.ActiveCfg = Release|Any CPU
		{D2D13791-6153-47E2-AC31-17BA2050AFE5}.Release|Any CPU.Build.0 = Release|Any CPU
	EndGlobalSection
	GlobalSection(SolutionProperties) = preSolution
		HideSolutionNode = FALSE
	EndGlobalSection
	GlobalSection(ExtensibilityGlobals) = postSolution
		SolutionGuid = {881A376B-DE42-4CDA-8871-522104FF4A01}
	EndGlobalSection
EndGlobal
